// !$*UTF8*$!
{
	archiveVersion = 1;
	classes = {
	};
	objectVersion = 46;
	objects = {

/* Begin PBXBuildFile section */
		5D05605C163AC88E000EC538 /* FCValueAnimationFactoryTest.m in Sources */ = {isa = PBXBuildFile; fileRef = 5D05605B163AC88E000EC538 /* FCValueAnimationFactoryTest.m */; };
		5D3DEFFB1638D19000DF8A4D /* FCValueTypeTest.m in Sources */ = {isa = PBXBuildFile; fileRef = 5D3DEFFA1638D19000DF8A4D /* FCValueTypeTest.m */; };
		5D3DF0011638EF2E00DF8A4D /* CoreGraphics.framework in Frameworks */ = {isa = PBXBuildFile; fileRef = 5D84694B1630319B00E92CDA /* CoreGraphics.framework */; };
		5D3DF0031639286200DF8A4D /* Icon.png in Resources */ = {isa = PBXBuildFile; fileRef = 5D3DF0021639286200DF8A4D /* Icon.png */; };
		5D5B4F14163ABE19006CC735 /* FCValueAnimationFactory.m in Sources */ = {isa = PBXBuildFile; fileRef = 5D5B4F13163ABE19006CC735 /* FCValueAnimationFactory.m */; };
		5D5B4F15163ABE19006CC735 /* FCValueAnimationFactory.m in Sources */ = {isa = PBXBuildFile; fileRef = 5D5B4F13163ABE19006CC735 /* FCValueAnimationFactory.m */; };
		5D5B4F16163ABE19006CC735 /* FCValueAnimationFactory.m in Sources */ = {isa = PBXBuildFile; fileRef = 5D5B4F13163ABE19006CC735 /* FCValueAnimationFactory.m */; };
		5D611FEC162F88E7004BB224 /* QuartzCore.framework in Frameworks */ = {isa = PBXBuildFile; fileRef = 5D611FEB162F88E7004BB224 /* QuartzCore.framework */; };
		5D611FEF162FA0E3004BB224 /* FCBasicAnimationFactoryTest.m in Sources */ = {isa = PBXBuildFile; fileRef = 5D611FEE162FA0E3004BB224 /* FCBasicAnimationFactoryTest.m */; };
		5D8469491630319B00E92CDA /* UIKit.framework in Frameworks */ = {isa = PBXBuildFile; fileRef = 5DF94C60162C333F00BE9BCD /* UIKit.framework */; };
		5D84694A1630319B00E92CDA /* Foundation.framework in Frameworks */ = {isa = PBXBuildFile; fileRef = 5DF94C4F162C333F00BE9BCD /* Foundation.framework */; };
		5D84694C1630319B00E92CDA /* CoreGraphics.framework in Frameworks */ = {isa = PBXBuildFile; fileRef = 5D84694B1630319B00E92CDA /* CoreGraphics.framework */; };
		5D8469521630319B00E92CDA /* InfoPlist.strings in Resources */ = {isa = PBXBuildFile; fileRef = 5D8469501630319B00E92CDA /* InfoPlist.strings */; };
		5D8469541630319B00E92CDA /* main.m in Sources */ = {isa = PBXBuildFile; fileRef = 5D8469531630319B00E92CDA /* main.m */; };
		5D8469581630319B00E92CDA /* FCAppDelegate.m in Sources */ = {isa = PBXBuildFile; fileRef = 5D8469571630319B00E92CDA /* FCAppDelegate.m */; };
		5D84695A1630319B00E92CDA /* Default.png in Resources */ = {isa = PBXBuildFile; fileRef = 5D8469591630319B00E92CDA /* Default.png */; };
		5D84695C1630319B00E92CDA /* Default@2x.png in Resources */ = {isa = PBXBuildFile; fileRef = 5D84695B1630319B00E92CDA /* Default@2x.png */; };
		5D84695E1630319B00E92CDA /* Default-568h@2x.png in Resources */ = {isa = PBXBuildFile; fileRef = 5D84695D1630319B00E92CDA /* Default-568h@2x.png */; };
		5D8469611630319B00E92CDA /* MainStoryboard.storyboard in Resources */ = {isa = PBXBuildFile; fileRef = 5D84695F1630319B00E92CDA /* MainStoryboard.storyboard */; };
		5D8469641630319B00E92CDA /* FCViewController.m in Sources */ = {isa = PBXBuildFile; fileRef = 5D8469631630319B00E92CDA /* FCViewController.m */; };
		5D846969163031CA00E92CDA /* QuartzCore.framework in Frameworks */ = {isa = PBXBuildFile; fileRef = 5D611FEB162F88E7004BB224 /* QuartzCore.framework */; };
		5D84696A163031D500E92CDA /* FCAnimationFactory.m in Sources */ = {isa = PBXBuildFile; fileRef = 5DF94C56162C333F00BE9BCD /* FCAnimationFactory.m */; };
		5D84696B163031D800E92CDA /* FCBasicAnimationFactory.m in Sources */ = {isa = PBXBuildFile; fileRef = 5DD44F18162FE620008FB24A /* FCBasicAnimationFactory.m */; };
		5DD44F19162FE620008FB24A /* FCBasicAnimationFactory.m in Sources */ = {isa = PBXBuildFile; fileRef = 5DD44F18162FE620008FB24A /* FCBasicAnimationFactory.m */; };
		5DD44F1A162FE620008FB24A /* FCBasicAnimationFactory.m in Sources */ = {isa = PBXBuildFile; fileRef = 5DD44F18162FE620008FB24A /* FCBasicAnimationFactory.m */; };
		5DF94C50162C333F00BE9BCD /* Foundation.framework in Frameworks */ = {isa = PBXBuildFile; fileRef = 5DF94C4F162C333F00BE9BCD /* Foundation.framework */; };
		5DF94C55162C333F00BE9BCD /* FCAnimationFactory.h in CopyFiles */ = {isa = PBXBuildFile; fileRef = 5DF94C54162C333F00BE9BCD /* FCAnimationFactory.h */; };
		5DF94C57162C333F00BE9BCD /* FCAnimationFactory.m in Sources */ = {isa = PBXBuildFile; fileRef = 5DF94C56162C333F00BE9BCD /* FCAnimationFactory.m */; };
		5DF94C5F162C333F00BE9BCD /* SenTestingKit.framework in Frameworks */ = {isa = PBXBuildFile; fileRef = 5DF94C5E162C333F00BE9BCD /* SenTestingKit.framework */; };
		5DF94C61162C333F00BE9BCD /* UIKit.framework in Frameworks */ = {isa = PBXBuildFile; fileRef = 5DF94C60162C333F00BE9BCD /* UIKit.framework */; };
		5DF94C62162C333F00BE9BCD /* Foundation.framework in Frameworks */ = {isa = PBXBuildFile; fileRef = 5DF94C4F162C333F00BE9BCD /* Foundation.framework */; };
		5DF94C65162C333F00BE9BCD /* libFCEasingAnimation.a in Frameworks */ = {isa = PBXBuildFile; fileRef = 5DF94C4C162C333F00BE9BCD /* libFCEasingAnimation.a */; };
		5DF94C6B162C333F00BE9BCD /* InfoPlist.strings in Resources */ = {isa = PBXBuildFile; fileRef = 5DF94C69162C333F00BE9BCD /* InfoPlist.strings */; };
		5DF94C6E162C333F00BE9BCD /* FCBezierFunctionTests.m in Sources */ = {isa = PBXBuildFile; fileRef = 5DF94C6D162C333F00BE9BCD /* FCBezierFunctionTests.m */; };
		5DF94C77162C51D500BE9BCD /* FCAnimationFactory.m in Sources */ = {isa = PBXBuildFile; fileRef = 5DF94C56162C333F00BE9BCD /* FCAnimationFactory.m */; };
/* End PBXBuildFile section */

/* Begin PBXContainerItemProxy section */
		5DF94C63162C333F00BE9BCD /* PBXContainerItemProxy */ = {
			isa = PBXContainerItemProxy;
			containerPortal = 5DF94C43162C333F00BE9BCD /* Project object */;
			proxyType = 1;
			remoteGlobalIDString = 5DF94C4B162C333F00BE9BCD;
			remoteInfo = FCEasingAnimation;
		};
/* End PBXContainerItemProxy section */

/* Begin PBXCopyFilesBuildPhase section */
		5DF94C4A162C333F00BE9BCD /* CopyFiles */ = {
			isa = PBXCopyFilesBuildPhase;
			buildActionMask = 2147483647;
			dstPath = "include/${PRODUCT_NAME}";
			dstSubfolderSpec = 16;
			files = (
				5DF94C55162C333F00BE9BCD /* FCAnimationFactory.h in CopyFiles */,
			);
			runOnlyForDeploymentPostprocessing = 0;
		};
/* End PBXCopyFilesBuildPhase section */

/* Begin PBXFileReference section */
		5D05605A163AC88E000EC538 /* FCValueAnimationFactoryTest.h */ = {isa = PBXFileReference; fileEncoding = 4; lastKnownFileType = sourcecode.c.h; path = FCValueAnimationFactoryTest.h; sourceTree = "<group>"; };
		5D05605B163AC88E000EC538 /* FCValueAnimationFactoryTest.m */ = {isa = PBXFileReference; fileEncoding = 4; lastKnownFileType = sourcecode.c.objc; path = FCValueAnimationFactoryTest.m; sourceTree = "<group>"; };
		5D3DEFFA1638D19000DF8A4D /* FCValueTypeTest.m */ = {isa = PBXFileReference; fileEncoding = 4; lastKnownFileType = sourcecode.c.objc; path = FCValueTypeTest.m; sourceTree = "<group>"; };
		5D3DF0021639286200DF8A4D /* Icon.png */ = {isa = PBXFileReference; lastKnownFileType = image.png; path = Icon.png; sourceTree = "<group>"; };
		5D5B4F12163ABE19006CC735 /* FCValueAnimationFactory.h */ = {isa = PBXFileReference; fileEncoding = 4; lastKnownFileType = sourcecode.c.h; path = FCValueAnimationFactory.h; sourceTree = "<group>"; };
		5D5B4F13163ABE19006CC735 /* FCValueAnimationFactory.m */ = {isa = PBXFileReference; fileEncoding = 4; lastKnownFileType = sourcecode.c.objc; path = FCValueAnimationFactory.m; sourceTree = "<group>"; };
		5D611FEB162F88E7004BB224 /* QuartzCore.framework */ = {isa = PBXFileReference; lastKnownFileType = wrapper.framework; name = QuartzCore.framework; path = System/Library/Frameworks/QuartzCore.framework; sourceTree = SDKROOT; };
		5D611FED162FA0E3004BB224 /* FCBasicAnimationFactoryTest.h */ = {isa = PBXFileReference; fileEncoding = 4; lastKnownFileType = sourcecode.c.h; path = FCBasicAnimationFactoryTest.h; sourceTree = "<group>"; };
		5D611FEE162FA0E3004BB224 /* FCBasicAnimationFactoryTest.m */ = {isa = PBXFileReference; fileEncoding = 4; lastKnownFileType = sourcecode.c.objc; path = FCBasicAnimationFactoryTest.m; sourceTree = "<group>"; };
		5D8469471630319B00E92CDA /* FCAnimationDemo.app */ = {isa = PBXFileReference; explicitFileType = wrapper.application; includeInIndex = 0; path = FCAnimationDemo.app; sourceTree = BUILT_PRODUCTS_DIR; };
		5D84694B1630319B00E92CDA /* CoreGraphics.framework */ = {isa = PBXFileReference; lastKnownFileType = wrapper.framework; name = CoreGraphics.framework; path = System/Library/Frameworks/CoreGraphics.framework; sourceTree = SDKROOT; };
		5D84694F1630319B00E92CDA /* FCAnimationDemo-Info.plist */ = {isa = PBXFileReference; lastKnownFileType = text.plist.xml; path = "FCAnimationDemo-Info.plist"; sourceTree = "<group>"; };
		5D8469511630319B00E92CDA /* en */ = {isa = PBXFileReference; lastKnownFileType = text.plist.strings; name = en; path = en.lproj/InfoPlist.strings; sourceTree = "<group>"; };
		5D8469531630319B00E92CDA /* main.m */ = {isa = PBXFileReference; lastKnownFileType = sourcecode.c.objc; path = main.m; sourceTree = "<group>"; };
		5D8469551630319B00E92CDA /* FCAnimationDemo-Prefix.pch */ = {isa = PBXFileReference; lastKnownFileType = sourcecode.c.h; path = "FCAnimationDemo-Prefix.pch"; sourceTree = "<group>"; };
		5D8469561630319B00E92CDA /* FCAppDelegate.h */ = {isa = PBXFileReference; lastKnownFileType = sourcecode.c.h; path = FCAppDelegate.h; sourceTree = "<group>"; };
		5D8469571630319B00E92CDA /* FCAppDelegate.m */ = {isa = PBXFileReference; lastKnownFileType = sourcecode.c.objc; path = FCAppDelegate.m; sourceTree = "<group>"; };
		5D8469591630319B00E92CDA /* Default.png */ = {isa = PBXFileReference; lastKnownFileType = image.png; path = Default.png; sourceTree = "<group>"; };
		5D84695B1630319B00E92CDA /* Default@2x.png */ = {isa = PBXFileReference; lastKnownFileType = image.png; path = "Default@2x.png"; sourceTree = "<group>"; };
		5D84695D1630319B00E92CDA /* Default-568h@2x.png */ = {isa = PBXFileReference; lastKnownFileType = image.png; path = "Default-568h@2x.png"; sourceTree = "<group>"; };
		5D8469601630319B00E92CDA /* en */ = {isa = PBXFileReference; lastKnownFileType = file.storyboard; name = en; path = en.lproj/MainStoryboard.storyboard; sourceTree = "<group>"; };
		5D8469621630319B00E92CDA /* FCViewController.h */ = {isa = PBXFileReference; lastKnownFileType = sourcecode.c.h; path = FCViewController.h; sourceTree = "<group>"; };
		5D8469631630319B00E92CDA /* FCViewController.m */ = {isa = PBXFileReference; lastKnownFileType = sourcecode.c.objc; path = FCViewController.m; sourceTree = "<group>"; };
		5DD44F17162FE620008FB24A /* FCBasicAnimationFactory.h */ = {isa = PBXFileReference; fileEncoding = 4; lastKnownFileType = sourcecode.c.h; path = FCBasicAnimationFactory.h; sourceTree = "<group>"; };
		5DD44F18162FE620008FB24A /* FCBasicAnimationFactory.m */ = {isa = PBXFileReference; fileEncoding = 4; lastKnownFileType = sourcecode.c.objc; path = FCBasicAnimationFactory.m; sourceTree = "<group>"; };
		5DF94C4C162C333F00BE9BCD /* libFCEasingAnimation.a */ = {isa = PBXFileReference; explicitFileType = archive.ar; includeInIndex = 0; path = libFCEasingAnimation.a; sourceTree = BUILT_PRODUCTS_DIR; };
		5DF94C4F162C333F00BE9BCD /* Foundation.framework */ = {isa = PBXFileReference; lastKnownFileType = wrapper.framework; name = Foundation.framework; path = System/Library/Frameworks/Foundation.framework; sourceTree = SDKROOT; };
		5DF94C53162C333F00BE9BCD /* FCEasingAnimation-Prefix.pch */ = {isa = PBXFileReference; lastKnownFileType = sourcecode.c.h; path = "FCEasingAnimation-Prefix.pch"; sourceTree = "<group>"; };
		5DF94C54162C333F00BE9BCD /* FCAnimationFactory.h */ = {isa = PBXFileReference; lastKnownFileType = sourcecode.c.h; path = FCAnimationFactory.h; sourceTree = "<group>"; };
		5DF94C56162C333F00BE9BCD /* FCAnimationFactory.m */ = {isa = PBXFileReference; lastKnownFileType = sourcecode.c.objc; path = FCAnimationFactory.m; sourceTree = "<group>"; };
		5DF94C5D162C333F00BE9BCD /* FCEasingAnimationTests.octest */ = {isa = PBXFileReference; explicitFileType = wrapper.cfbundle; includeInIndex = 0; path = FCEasingAnimationTests.octest; sourceTree = BUILT_PRODUCTS_DIR; };
		5DF94C5E162C333F00BE9BCD /* SenTestingKit.framework */ = {isa = PBXFileReference; lastKnownFileType = wrapper.framework; name = SenTestingKit.framework; path = Library/Frameworks/SenTestingKit.framework; sourceTree = DEVELOPER_DIR; };
		5DF94C60162C333F00BE9BCD /* UIKit.framework */ = {isa = PBXFileReference; lastKnownFileType = wrapper.framework; name = UIKit.framework; path = Library/Frameworks/UIKit.framework; sourceTree = DEVELOPER_DIR; };
		5DF94C68162C333F00BE9BCD /* FCEasingAnimationTests-Info.plist */ = {isa = PBXFileReference; lastKnownFileType = text.plist.xml; path = "FCEasingAnimationTests-Info.plist"; sourceTree = "<group>"; };
		5DF94C6A162C333F00BE9BCD /* en */ = {isa = PBXFileReference; lastKnownFileType = text.plist.strings; name = en; path = en.lproj/InfoPlist.strings; sourceTree = "<group>"; };
		5DF94C6C162C333F00BE9BCD /* FCBezierFunctionTests.h */ = {isa = PBXFileReference; lastKnownFileType = sourcecode.c.h; path = FCBezierFunctionTests.h; sourceTree = "<group>"; };
		5DF94C6D162C333F00BE9BCD /* FCBezierFunctionTests.m */ = {isa = PBXFileReference; lastKnownFileType = sourcecode.c.objc; path = FCBezierFunctionTests.m; sourceTree = "<group>"; };
/* End PBXFileReference section */

/* Begin PBXFrameworksBuildPhase section */
		5D8469441630319B00E92CDA /* Frameworks */ = {
			isa = PBXFrameworksBuildPhase;
			buildActionMask = 2147483647;
			files = (
				5D8469491630319B00E92CDA /* UIKit.framework in Frameworks */,
				5D84694A1630319B00E92CDA /* Foundation.framework in Frameworks */,
				5D846969163031CA00E92CDA /* QuartzCore.framework in Frameworks */,
				5D84694C1630319B00E92CDA /* CoreGraphics.framework in Frameworks */,
			);
			runOnlyForDeploymentPostprocessing = 0;
		};
		5DF94C49162C333F00BE9BCD /* Frameworks */ = {
			isa = PBXFrameworksBuildPhase;
			buildActionMask = 2147483647;
			files = (
				5DF94C50162C333F00BE9BCD /* Foundation.framework in Frameworks */,
			);
			runOnlyForDeploymentPostprocessing = 0;
		};
		5DF94C59162C333F00BE9BCD /* Frameworks */ = {
			isa = PBXFrameworksBuildPhase;
			buildActionMask = 2147483647;
			files = (
				5D3DF0011638EF2E00DF8A4D /* CoreGraphics.framework in Frameworks */,
				5D611FEC162F88E7004BB224 /* QuartzCore.framework in Frameworks */,
				5DF94C5F162C333F00BE9BCD /* SenTestingKit.framework in Frameworks */,
				5DF94C61162C333F00BE9BCD /* UIKit.framework in Frameworks */,
				5DF94C62162C333F00BE9BCD /* Foundation.framework in Frameworks */,
				5DF94C65162C333F00BE9BCD /* libFCEasingAnimation.a in Frameworks */,
			);
			runOnlyForDeploymentPostprocessing = 0;
		};
/* End PBXFrameworksBuildPhase section */

/* Begin PBXGroup section */
		5D84694D1630319B00E92CDA /* FCAnimationDemo */ = {
			isa = PBXGroup;
			children = (
				5D8469561630319B00E92CDA /* FCAppDelegate.h */,
				5D8469571630319B00E92CDA /* FCAppDelegate.m */,
				5D84695F1630319B00E92CDA /* MainStoryboard.storyboard */,
				5D8469621630319B00E92CDA /* FCViewController.h */,
				5D8469631630319B00E92CDA /* FCViewController.m */,
				5D84694E1630319B00E92CDA /* Supporting Files */,
			);
			path = FCAnimationDemo;
			sourceTree = "<group>";
		};
		5D84694E1630319B00E92CDA /* Supporting Files */ = {
			isa = PBXGroup;
			children = (
				5D3DF0021639286200DF8A4D /* Icon.png */,
				5D84694F1630319B00E92CDA /* FCAnimationDemo-Info.plist */,
				5D8469501630319B00E92CDA /* InfoPlist.strings */,
				5D8469531630319B00E92CDA /* main.m */,
				5D8469551630319B00E92CDA /* FCAnimationDemo-Prefix.pch */,
				5D8469591630319B00E92CDA /* Default.png */,
				5D84695B1630319B00E92CDA /* Default@2x.png */,
				5D84695D1630319B00E92CDA /* Default-568h@2x.png */,
			);
			name = "Supporting Files";
			sourceTree = "<group>";
		};
		5DF94C41162C333F00BE9BCD = {
			isa = PBXGroup;
			children = (
				5DF94C51162C333F00BE9BCD /* FCAnimationFactory */,
				5DF94C66162C333F00BE9BCD /* FCEasingAnimationTests */,
				5D84694D1630319B00E92CDA /* FCAnimationDemo */,
				5DF94C4E162C333F00BE9BCD /* Frameworks */,
				5DF94C4D162C333F00BE9BCD /* Products */,
			);
			sourceTree = "<group>";
		};
		5DF94C4D162C333F00BE9BCD /* Products */ = {
			isa = PBXGroup;
			children = (
				5DF94C4C162C333F00BE9BCD /* libFCEasingAnimation.a */,
				5DF94C5D162C333F00BE9BCD /* FCEasingAnimationTests.octest */,
				5D8469471630319B00E92CDA /* FCAnimationDemo.app */,
			);
			name = Products;
			sourceTree = "<group>";
		};
		5DF94C4E162C333F00BE9BCD /* Frameworks */ = {
			isa = PBXGroup;
			children = (
				5D611FEB162F88E7004BB224 /* QuartzCore.framework */,
				5DF94C4F162C333F00BE9BCD /* Foundation.framework */,
				5DF94C5E162C333F00BE9BCD /* SenTestingKit.framework */,
				5DF94C60162C333F00BE9BCD /* UIKit.framework */,
				5D84694B1630319B00E92CDA /* CoreGraphics.framework */,
			);
			name = Frameworks;
			sourceTree = "<group>";
		};
		5DF94C51162C333F00BE9BCD /* FCAnimationFactory */ = {
			isa = PBXGroup;
			children = (
				5DF94C54162C333F00BE9BCD /* FCAnimationFactory.h */,
				5DF94C56162C333F00BE9BCD /* FCAnimationFactory.m */,
				5DD44F17162FE620008FB24A /* FCBasicAnimationFactory.h */,
				5DD44F18162FE620008FB24A /* FCBasicAnimationFactory.m */,
				5D5B4F12163ABE19006CC735 /* FCValueAnimationFactory.h */,
				5D5B4F13163ABE19006CC735 /* FCValueAnimationFactory.m */,
				5DF94C52162C333F00BE9BCD /* Supporting Files */,
			);
			name = FCAnimationFactory;
			path = FCEasingAnimation;
			sourceTree = "<group>";
		};
		5DF94C52162C333F00BE9BCD /* Supporting Files */ = {
			isa = PBXGroup;
			children = (
				5DF94C53162C333F00BE9BCD /* FCEasingAnimation-Prefix.pch */,
			);
			name = "Supporting Files";
			sourceTree = "<group>";
		};
		5DF94C66162C333F00BE9BCD /* FCEasingAnimationTests */ = {
			isa = PBXGroup;
			children = (
				5DF94C6C162C333F00BE9BCD /* FCBezierFunctionTests.h */,
				5DF94C6D162C333F00BE9BCD /* FCBezierFunctionTests.m */,
				5D3DEFFA1638D19000DF8A4D /* FCValueTypeTest.m */,
				5D611FED162FA0E3004BB224 /* FCBasicAnimationFactoryTest.h */,
				5D611FEE162FA0E3004BB224 /* FCBasicAnimationFactoryTest.m */,
				5D05605A163AC88E000EC538 /* FCValueAnimationFactoryTest.h */,
				5D05605B163AC88E000EC538 /* FCValueAnimationFactoryTest.m */,
				5DF94C67162C333F00BE9BCD /* Supporting Files */,
			);
			path = FCEasingAnimationTests;
			sourceTree = "<group>";
		};
		5DF94C67162C333F00BE9BCD /* Supporting Files */ = {
			isa = PBXGroup;
			children = (
				5DF94C68162C333F00BE9BCD /* FCEasingAnimationTests-Info.plist */,
				5DF94C69162C333F00BE9BCD /* InfoPlist.strings */,
			);
			name = "Supporting Files";
			sourceTree = "<group>";
		};
/* End PBXGroup section */

/* Begin PBXNativeTarget section */
		5D8469461630319B00E92CDA /* FCAnimationDemo */ = {
			isa = PBXNativeTarget;
			buildConfigurationList = 5D8469671630319B00E92CDA /* Build configuration list for PBXNativeTarget "FCAnimationDemo" */;
			buildPhases = (
				5D8469431630319B00E92CDA /* Sources */,
				5D8469441630319B00E92CDA /* Frameworks */,
				5D8469451630319B00E92CDA /* Resources */,
			);
			buildRules = (
			);
			dependencies = (
			);
			name = FCAnimationDemo;
			productName = FCAnimationDemo;
			productReference = 5D8469471630319B00E92CDA /* FCAnimationDemo.app */;
			productType = "com.apple.product-type.application";
		};
		5DF94C4B162C333F00BE9BCD /* FCEasingAnimation */ = {
			isa = PBXNativeTarget;
			buildConfigurationList = 5DF94C71162C333F00BE9BCD /* Build configuration list for PBXNativeTarget "FCEasingAnimation" */;
			buildPhases = (
				5DF94C48162C333F00BE9BCD /* Sources */,
				5DF94C49162C333F00BE9BCD /* Frameworks */,
				5DF94C4A162C333F00BE9BCD /* CopyFiles */,
			);
			buildRules = (
			);
			dependencies = (
			);
			name = FCEasingAnimation;
			productName = FCEasingAnimation;
			productReference = 5DF94C4C162C333F00BE9BCD /* libFCEasingAnimation.a */;
			productType = "com.apple.product-type.library.static";
		};
		5DF94C5C162C333F00BE9BCD /* FCEasingAnimationTests */ = {
			isa = PBXNativeTarget;
			buildConfigurationList = 5DF94C74162C333F00BE9BCD /* Build configuration list for PBXNativeTarget "FCEasingAnimationTests" */;
			buildPhases = (
				5DF94C58162C333F00BE9BCD /* Sources */,
				5DF94C59162C333F00BE9BCD /* Frameworks */,
				5DF94C5A162C333F00BE9BCD /* Resources */,
				5DF94C5B162C333F00BE9BCD /* ShellScript */,
			);
			buildRules = (
			);
			dependencies = (
				5DF94C64162C333F00BE9BCD /* PBXTargetDependency */,
			);
			name = FCEasingAnimationTests;
			productName = FCEasingAnimationTests;
			productReference = 5DF94C5D162C333F00BE9BCD /* FCEasingAnimationTests.octest */;
			productType = "com.apple.product-type.bundle";
		};
/* End PBXNativeTarget section */

/* Begin PBXProject section */
		5DF94C43162C333F00BE9BCD /* Project object */ = {
			isa = PBXProject;
			attributes = {
				LastUpgradeCheck = 0450;
				ORGANIZATIONNAME = dryman;
			};
			buildConfigurationList = 5DF94C46162C333F00BE9BCD /* Build configuration list for PBXProject "FCEasingAnimation" */;
			compatibilityVersion = "Xcode 3.2";
			developmentRegion = English;
			hasScannedForEncodings = 0;
			knownRegions = (
				en,
			);
			mainGroup = 5DF94C41162C333F00BE9BCD;
			productRefGroup = 5DF94C4D162C333F00BE9BCD /* Products */;
			projectDirPath = "";
			projectRoot = "";
			targets = (
				5DF94C4B162C333F00BE9BCD /* FCEasingAnimation */,
				5DF94C5C162C333F00BE9BCD /* FCEasingAnimationTests */,
				5D8469461630319B00E92CDA /* FCAnimationDemo */,
			);
		};
/* End PBXProject section */

/* Begin PBXResourcesBuildPhase section */
		5D8469451630319B00E92CDA /* Resources */ = {
			isa = PBXResourcesBuildPhase;
			buildActionMask = 2147483647;
			files = (
				5D8469521630319B00E92CDA /* InfoPlist.strings in Resources */,
				5D84695A1630319B00E92CDA /* Default.png in Resources */,
				5D84695C1630319B00E92CDA /* Default@2x.png in Resources */,
				5D84695E1630319B00E92CDA /* Default-568h@2x.png in Resources */,
				5D8469611630319B00E92CDA /* MainStoryboard.storyboard in Resources */,
			);
			runOnlyForDeploymentPostprocessing = 0;
		};
		5DF94C5A162C333F00BE9BCD /* Resources */ = {
			isa = PBXResourcesBuildPhase;
			buildActionMask = 2147483647;
			files = (
				5DF94C6B162C333F00BE9BCD /* InfoPlist.strings in Resources */,
				5D3DF0031639286200DF8A4D /* Icon.png in Resources */,
			);
			runOnlyForDeploymentPostprocessing = 0;
		};
/* End PBXResourcesBuildPhase section */

/* Begin PBXShellScriptBuildPhase section */
		5DF94C5B162C333F00BE9BCD /* ShellScript */ = {
			isa = PBXShellScriptBuildPhase;
			buildActionMask = 2147483647;
			files = (
			);
			inputPaths = (
			);
			outputPaths = (
			);
			runOnlyForDeploymentPostprocessing = 0;
			shellPath = /bin/sh;
			shellScript = "# Run the unit tests in this test bundle.\n\"${SYSTEM_DEVELOPER_DIR}/Tools/RunUnitTests\"\n";
		};
/* End PBXShellScriptBuildPhase section */

/* Begin PBXSourcesBuildPhase section */
		5D8469431630319B00E92CDA /* Sources */ = {
			isa = PBXSourcesBuildPhase;
			buildActionMask = 2147483647;
			files = (
				5D84696B163031D800E92CDA /* FCBasicAnimationFactory.m in Sources */,
				5D84696A163031D500E92CDA /* FCAnimationFactory.m in Sources */,
				5D8469541630319B00E92CDA /* main.m in Sources */,
				5D8469581630319B00E92CDA /* FCAppDelegate.m in Sources */,
				5D8469641630319B00E92CDA /* FCViewController.m in Sources */,
				5D5B4F16163ABE19006CC735 /* FCValueAnimationFactory.m in Sources */,
			);
			runOnlyForDeploymentPostprocessing = 0;
		};
		5DF94C48162C333F00BE9BCD /* Sources */ = {
			isa = PBXSourcesBuildPhase;
			buildActionMask = 2147483647;
			files = (
				5DF94C57162C333F00BE9BCD /* FCAnimationFactory.m in Sources */,
				5DD44F19162FE620008FB24A /* FCBasicAnimationFactory.m in Sources */,
				5D5B4F14163ABE19006CC735 /* FCValueAnimationFactory.m in Sources */,
			);
			runOnlyForDeploymentPostprocessing = 0;
		};
		5DF94C58162C333F00BE9BCD /* Sources */ = {
			isa = PBXSourcesBuildPhase;
			buildActionMask = 2147483647;
			files = (
				5DF94C6E162C333F00BE9BCD /* FCBezierFunctionTests.m in Sources */,
				5DF94C77162C51D500BE9BCD /* FCAnimationFactory.m in Sources */,
				5D611FEF162FA0E3004BB224 /* FCBasicAnimationFactoryTest.m in Sources */,
				5DD44F1A162FE620008FB24A /* FCBasicAnimationFactory.m in Sources */,
				5D3DEFFB1638D19000DF8A4D /* FCValueTypeTest.m in Sources */,
				5D5B4F15163ABE19006CC735 /* FCValueAnimationFactory.m in Sources */,
				5D05605C163AC88E000EC538 /* FCValueAnimationFactoryTest.m in Sources */,
			);
			runOnlyForDeploymentPostprocessing = 0;
		};
/* End PBXSourcesBuildPhase section */

/* Begin PBXTargetDependency section */
		5DF94C64162C333F00BE9BCD /* PBXTargetDependency */ = {
			isa = PBXTargetDependency;
			target = 5DF94C4B162C333F00BE9BCD /* FCEasingAnimation */;
			targetProxy = 5DF94C63162C333F00BE9BCD /* PBXContainerItemProxy */;
		};
/* End PBXTargetDependency section */

/* Begin PBXVariantGroup section */
		5D8469501630319B00E92CDA /* InfoPlist.strings */ = {
			isa = PBXVariantGroup;
			children = (
				5D8469511630319B00E92CDA /* en */,
			);
			name = InfoPlist.strings;
			sourceTree = "<group>";
		};
		5D84695F1630319B00E92CDA /* MainStoryboard.storyboard */ = {
			isa = PBXVariantGroup;
			children = (
				5D8469601630319B00E92CDA /* en */,
			);
			name = MainStoryboard.storyboard;
			sourceTree = "<group>";
		};
		5DF94C69162C333F00BE9BCD /* InfoPlist.strings */ = {
			isa = PBXVariantGroup;
			children = (
				5DF94C6A162C333F00BE9BCD /* en */,
			);
			name = InfoPlist.strings;
			sourceTree = "<group>";
		};
/* End PBXVariantGroup section */

/* Begin XCBuildConfiguration section */
		5D8469651630319B00E92CDA /* Debug */ = {
			isa = XCBuildConfiguration;
			buildSettings = {
				"CODE_SIGN_IDENTITY[sdk=iphoneos*]" = "iPhone Developer";
				FRAMEWORK_SEARCH_PATHS = (
					"$(inherited)",
					"\"$(SYSTEM_APPS_DIR)/Xcode.app/Contents/Developer/Library/Frameworks\"",
				);
				GCC_PRECOMPILE_PREFIX_HEADER = YES;
				GCC_PREFIX_HEADER = "FCAnimationDemo/FCAnimationDemo-Prefix.pch";
				INFOPLIST_FILE = "FCAnimationDemo/FCAnimationDemo-Info.plist";
				IPHONEOS_DEPLOYMENT_TARGET = 5.1;
				PRODUCT_NAME = "$(TARGET_NAME)";
				WRAPPER_EXTENSION = app;
			};
			name = Debug;
		};
		5D8469661630319B00E92CDA /* Release */ = {
			isa = XCBuildConfiguration;
			buildSettings = {
				"CODE_SIGN_IDENTITY[sdk=iphoneos*]" = "iPhone Developer";
				FRAMEWORK_SEARCH_PATHS = (
					"$(inherited)",
					"\"$(SYSTEM_APPS_DIR)/Xcode.app/Contents/Developer/Library/Frameworks\"",
				);
				GCC_PRECOMPILE_PREFIX_HEADER = YES;
				GCC_PREFIX_HEADER = "FCAnimationDemo/FCAnimationDemo-Prefix.pch";
				INFOPLIST_FILE = "FCAnimationDemo/FCAnimationDemo-Info.plist";
				IPHONEOS_DEPLOYMENT_TARGET = 5.1;
				OTHER_CFLAGS = "-DNS_BLOCK_ASSERTIONS=1";
				PRODUCT_NAME = "$(TARGET_NAME)";
				WRAPPER_EXTENSION = app;
			};
			name = Release;
		};
		5DF94C6F162C333F00BE9BCD /* Debug */ = {
			isa = XCBuildConfiguration;
			buildSettings = {
				ALWAYS_SEARCH_USER_PATHS = NO;
				CLANG_CXX_LANGUAGE_STANDARD = "gnu++0x";
				CLANG_CXX_LIBRARY = "libc++";
				CLANG_ENABLE_OBJC_ARC = YES;
				CLANG_WARN_EMPTY_BODY = YES;
				CLANG_WARN__DUPLICATE_METHOD_MATCH = YES;
				COPY_PHASE_STRIP = NO;
				GCC_C_LANGUAGE_STANDARD = gnu99;
				GCC_DYNAMIC_NO_PIC = NO;
				GCC_OPTIMIZATION_LEVEL = 0;
				GCC_PREPROCESSOR_DEFINITIONS = (
					"DEBUG=1",
					"$(inherited)",
				);
				GCC_SYMBOLS_PRIVATE_EXTERN = NO;
				GCC_WARN_ABOUT_RETURN_TYPE = YES;
				GCC_WARN_UNINITIALIZED_AUTOS = YES;
				GCC_WARN_UNUSED_VARIABLE = YES;
				IPHONEOS_DEPLOYMENT_TARGET = 5.1;
				ONLY_ACTIVE_ARCH = YES;
				SDKROOT = iphoneos6.0;
				SUPPORTED_PLATFORMS = "iphonesimulator iphoneos";
			};
			name = Debug;
		};
		5DF94C70162C333F00BE9BCD /* Release */ = {
			isa = XCBuildConfiguration;
			buildSettings = {
				ALWAYS_SEARCH_USER_PATHS = NO;
				CLANG_CXX_LANGUAGE_STANDARD = "gnu++0x";
				CLANG_CXX_LIBRARY = "libc++";
				CLANG_ENABLE_OBJC_ARC = YES;
				CLANG_WARN_EMPTY_BODY = YES;
				CLANG_WARN__DUPLICATE_METHOD_MATCH = YES;
				COPY_PHASE_STRIP = YES;
				GCC_C_LANGUAGE_STANDARD = gnu99;
				GCC_WARN_ABOUT_RETURN_TYPE = YES;
				GCC_WARN_UNINITIALIZED_AUTOS = YES;
				GCC_WARN_UNUSED_VARIABLE = YES;
				IPHONEOS_DEPLOYMENT_TARGET = 5.1;
				SDKROOT = iphoneos6.0;
				SUPPORTED_PLATFORMS = "iphonesimulator iphoneos";
				VALIDATE_PRODUCT = YES;
			};
			name = Release;
		};
		5DF94C72162C333F00BE9BCD /* Debug */ = {
			isa = XCBuildConfiguration;
			buildSettings = {
				DSTROOT = /tmp/FCEasingAnimation.dst;
				GCC_PRECOMPILE_PREFIX_HEADER = YES;
				GCC_PREFIX_HEADER = "FCEasingAnimation/FCEasingAnimation-Prefix.pch";
				OTHER_LDFLAGS = "-ObjC";
				PRODUCT_NAME = "$(TARGET_NAME)";
				SKIP_INSTALL = YES;
			};
			name = Debug;
		};
		5DF94C73162C333F00BE9BCD /* Release */ = {
			isa = XCBuildConfiguration;
			buildSettings = {
				DSTROOT = /tmp/FCEasingAnimation.dst;
				GCC_PRECOMPILE_PREFIX_HEADER = YES;
				GCC_PREFIX_HEADER = "FCEasingAnimation/FCEasingAnimation-Prefix.pch";
				OTHER_LDFLAGS = "-ObjC";
				PRODUCT_NAME = "$(TARGET_NAME)";
				SKIP_INSTALL = YES;
			};
			name = Release;
		};
		5DF94C75162C333F00BE9BCD /* Debug */ = {
			isa = XCBuildConfiguration;
			buildSettings = {
				FRAMEWORK_SEARCH_PATHS = (
					"\"$(SDKROOT)/Developer/Library/Frameworks\"",
					"\"$(DEVELOPER_LIBRARY_DIR)/Frameworks\"",
				);
				GCC_PRECOMPILE_PREFIX_HEADER = YES;
				GCC_PREFIX_HEADER = "FCEasingAnimation/FCEasingAnimation-Prefix.pch";
				INFOPLIST_FILE = "FCEasingAnimationTests/FCEasingAnimationTests-Info.plist";
				PRODUCT_NAME = "$(TARGET_NAME)";
				WRAPPER_EXTENSION = octest;
			};
			name = Debug;
		};
		5DF94C76162C333F00BE9BCD /* Release */ = {
			isa = XCBuildConfiguration;
			buildSettings = {
				FRAMEWORK_SEARCH_PATHS = (
					"\"$(SDKROOT)/Developer/Library/Frameworks\"",
					"\"$(DEVELOPER_LIBRARY_DIR)/Frameworks\"",
				);
				GCC_PRECOMPILE_PREFIX_HEADER = YES;
				GCC_PREFIX_HEADER = "FCEasingAnimation/FCEasingAnimation-Prefix.pch";
				INFOPLIST_FILE = "FCEasingAnimationTests/FCEasingAnimationTests-Info.plist";
				PRODUCT_NAME = "$(TARGET_NAME)";
				WRAPPER_EXTENSION = octest;
			};
			name = Release;
		};
/* End XCBuildConfiguration section */

/* Begin XCConfigurationList section */
		5D8469671630319B00E92CDA /* Build configuration list for PBXNativeTarget "FCAnimationDemo" */ = {
			isa = XCConfigurationList;
			buildConfigurations = (
				5D8469651630319B00E92CDA /* Debug */,
				5D8469661630319B00E92CDA /* Release */,
			);
			defaultConfigurationIsVisible = 0;
			defaultConfigurationName = Release;
		};
		5DF94C46162C333F00BE9BCD /* Build configuration list for PBXProject "FCEasingAnimation" */ = {
			isa = XCConfigurationList;
			buildConfigurations = (
				5DF94C6F162C333F00BE9BCD /* Debug */,
				5DF94C70162C333F00BE9BCD /* Release */,
			);
			defaultConfigurationIsVisible = 0;
			defaultConfigurationName = Release;
		};
		5DF94C71162C333F00BE9BCD /* Build configuration list for PBXNativeTarget "FCEasingAnimation" */ = {
			isa = XCConfigurationList;
			buildConfigurations = (
				5DF94C72162C333F00BE9BCD /* Debug */,
				5DF94C73162C333F00BE9BCD /* Release */,
			);
			defaultConfigurationIsVisible = 0;
			defaultConfigurationName = Release;
		};
		5DF94C74162C333F00BE9BCD /* Build configuration list for PBXNativeTarget "FCEasingAnimationTests" */ = {
			isa = XCConfigurationList;
			buildConfigurations = (
				5DF94C75162C333F00BE9BCD /* Debug */,
				5DF94C76162C333F00BE9BCD /* Release */,
			);
			defaultConfigurationIsVisible = 0;
			defaultConfigurationName = Release;
		};
/* End XCConfigurationList section */
	};
	rootObject = 5DF94C43162C333F00BE9BCD /* Project object */;
}
